// !$*UTF8*$!
{
	archiveVersion = 1;
	classes = {
	};
	objectVersion = 46;
	objects = {

/* Begin PBXBuildFile section */
		265EE5821DDC0E3600797BC8 /* main.m in Sources */ = {isa = PBXBuildFile; fileRef = 265EE5811DDC0E3600797BC8 /* main.m */; };
		265EE5851DDC0E3600797BC8 /* AppDelegate.m in Sources */ = {isa = PBXBuildFile; fileRef = 265EE5841DDC0E3600797BC8 /* AppDelegate.m */; };
		265EE5881DDC0E3600797BC8 /* ViewController.m in Sources */ = {isa = PBXBuildFile; fileRef = 265EE5871DDC0E3600797BC8 /* ViewController.m */; };
		265EE58B1DDC0E3600797BC8 /* Main.storyboard in Resources */ = {isa = PBXBuildFile; fileRef = 265EE5891DDC0E3600797BC8 /* Main.storyboard */; };
		265EE58D1DDC0E3600797BC8 /* Assets.xcassets in Resources */ = {isa = PBXBuildFile; fileRef = 265EE58C1DDC0E3600797BC8 /* Assets.xcassets */; };
		265EE5901DDC0E3600797BC8 /* LaunchScreen.storyboard in Resources */ = {isa = PBXBuildFile; fileRef = 265EE58E1DDC0E3600797BC8 /* LaunchScreen.storyboard */; };
		265EE59B1DDC0E3600797BC8 /* POPAnimationDemoTests.m in Sources */ = {isa = PBXBuildFile; fileRef = 265EE59A1DDC0E3600797BC8 /* POPAnimationDemoTests.m */; };
		265EE5A61DDC0E3600797BC8 /* POPAnimationDemoUITests.m in Sources */ = {isa = PBXBuildFile; fileRef = 265EE5A51DDC0E3600797BC8 /* POPAnimationDemoUITests.m */; };
/* End PBXBuildFile section */

/* Begin PBXContainerItemProxy section */
		265EE5971DDC0E3600797BC8 /* PBXContainerItemProxy */ = {
			isa = PBXContainerItemProxy;
			containerPortal = 265EE5751DDC0E3600797BC8 /* Project object */;
			proxyType = 1;
			remoteGlobalIDString = 265EE57C1DDC0E3600797BC8;
			remoteInfo = POPAnimationDemo;
		};
		265EE5A21DDC0E3600797BC8 /* PBXContainerItemProxy */ = {
			isa = PBXContainerItemProxy;
			containerPortal = 265EE5751DDC0E3600797BC8 /* Project object */;
			proxyType = 1;
			remoteGlobalIDString = 265EE57C1DDC0E3600797BC8;
			remoteInfo = POPAnimationDemo;
		};
/* End PBXContainerItemProxy section */

/* Begin PBXFileReference section */
		265EE57D1DDC0E3600797BC8 /* POPAnimationDemo.app */ = {isa = PBXFileReference; explicitFileType = wrapper.application; includeInIndex = 0; path = POPAnimationDemo.app; sourceTree = BUILT_PRODUCTS_DIR; };
		265EE5811DDC0E3600797BC8 /* main.m */ = {isa = PBXFileReference; lastKnownFileType = sourcecode.c.objc; path = main.m; sourceTree = "<group>"; };
		265EE5831DDC0E3600797BC8 /* AppDelegate.h */ = {isa = PBXFileReference; lastKnownFileType = sourcecode.c.h; path = AppDelegate.h; sourceTree = "<group>"; };
		265EE5841DDC0E3600797BC8 /* AppDelegate.m */ = {isa = PBXFileReference; lastKnownFileType = sourcecode.c.objc; path = AppDelegate.m; sourceTree = "<group>"; };
		265EE5861DDC0E3600797BC8 /* ViewController.h */ = {isa = PBXFileReference; lastKnownFileType = sourcecode.c.h; path = ViewController.h; sourceTree = "<group>"; };
		265EE5871DDC0E3600797BC8 /* ViewController.m */ = {isa = PBXFileReference; lastKnownFileType = sourcecode.c.objc; path = ViewController.m; sourceTree = "<group>"; };
		265EE58A1DDC0E3600797BC8 /* Base */ = {isa = PBXFileReference; lastKnownFileType = file.storyboard; name = Base; path = Base.lproj/Main.storyboard; sourceTree = "<group>"; };
		265EE58C1DDC0E3600797BC8 /* Assets.xcassets */ = {isa = PBXFileReference; lastKnownFileType = folder.assetcatalog; path = Assets.xcassets; sourceTree = "<group>"; };
		265EE58F1DDC0E3600797BC8 /* Base */ = {isa = PBXFileReference; lastKnownFileType = file.storyboard; name = Base; path = Base.lproj/LaunchScreen.storyboard; sourceTree = "<group>"; };
		265EE5911DDC0E3600797BC8 /* Info.plist */ = {isa = PBXFileReference; lastKnownFileType = text.plist.xml; path = Info.plist; sourceTree = "<group>"; };
		265EE5961DDC0E3600797BC8 /* POPAnimationDemoTests.xctest */ = {isa = PBXFileReference; explicitFileType = wrapper.cfbundle; includeInIndex = 0; path = POPAnimationDemoTests.xctest; sourceTree = BUILT_PRODUCTS_DIR; };
		265EE59A1DDC0E3600797BC8 /* POPAnimationDemoTests.m */ = {isa = PBXFileReference; lastKnownFileType = sourcecode.c.objc; path = POPAnimationDemoTests.m; sourceTree = "<group>"; };
		265EE59C1DDC0E3600797BC8 /* Info.plist */ = {isa = PBXFileReference; lastKnownFileType = text.plist.xml; path = Info.plist; sourceTree = "<group>"; };
		265EE5A11DDC0E3600797BC8 /* POPAnimationDemoUITests.xctest */ = {isa = PBXFileReference; explicitFileType = wrapper.cfbundle; includeInIndex = 0; path = POPAnimationDemoUITests.xctest; sourceTree = BUILT_PRODUCTS_DIR; };
		265EE5A51DDC0E3600797BC8 /* POPAnimationDemoUITests.m */ = {isa = PBXFileReference; lastKnownFileType = sourcecode.c.objc; path = POPAnimationDemoUITests.m; sourceTree = "<group>"; };
		265EE5A71DDC0E3600797BC8 /* Info.plist */ = {isa = PBXFileReference; lastKnownFileType = text.plist.xml; path = Info.plist; sourceTree = "<group>"; };
/* End PBXFileReference section */

/* Begin PBXFrameworksBuildPhase section */
		265EE57A1DDC0E3600797BC8 /* Frameworks */ = {
			isa = PBXFrameworksBuildPhase;
			buildActionMask = 2147483647;
			files = (
			);
			runOnlyForDeploymentPostprocessing = 0;
		};
		265EE5931DDC0E3600797BC8 /* Frameworks */ = {
			isa = PBXFrameworksBuildPhase;
			buildActionMask = 2147483647;
			files = (
			);
			runOnlyForDeploymentPostprocessing = 0;
		};
		265EE59E1DDC0E3600797BC8 /* Frameworks */ = {
			isa = PBXFrameworksBuildPhase;
			buildActionMask = 2147483647;
			files = (
			);
			runOnlyForDeploymentPostprocessing = 0;
		};
/* End PBXFrameworksBuildPhase section */

/* Begin PBXGroup section */
		265EE5741DDC0E3600797BC8 = {
			isa = PBXGroup;
			children = (
				265EE57F1DDC0E3600797BC8 /* POPAnimationDemo */,
				265EE5991DDC0E3600797BC8 /* POPAnimationDemoTests */,
				265EE5A41DDC0E3600797BC8 /* POPAnimationDemoUITests */,
				265EE57E1DDC0E3600797BC8 /* Products */,
			);
			sourceTree = "<group>";
		};
		265EE57E1DDC0E3600797BC8 /* Products */ = {
			isa = PBXGroup;
			children = (
				265EE57D1DDC0E3600797BC8 /* POPAnimationDemo.app */,
				265EE5961DDC0E3600797BC8 /* POPAnimationDemoTests.xctest */,
				265EE5A11DDC0E3600797BC8 /* POPAnimationDemoUITests.xctest */,
			);
			name = Products;
			sourceTree = "<group>";
		};
		265EE57F1DDC0E3600797BC8 /* POPAnimationDemo */ = {
			isa = PBXGroup;
			children = (
				265EE5831DDC0E3600797BC8 /* AppDelegate.h */,
				265EE5841DDC0E3600797BC8 /* AppDelegate.m */,
				265EE5861DDC0E3600797BC8 /* ViewController.h */,
				265EE5871DDC0E3600797BC8 /* ViewController.m */,
				265EE5891DDC0E3600797BC8 /* Main.storyboard */,
				265EE58C1DDC0E3600797BC8 /* Assets.xcassets */,
				265EE58E1DDC0E3600797BC8 /* LaunchScreen.storyboard */,
				265EE5911DDC0E3600797BC8 /* Info.plist */,
				265EE5801DDC0E3600797BC8 /* Supporting Files */,
			);
			path = POPAnimationDemo;
			sourceTree = "<group>";
		};
		265EE5801DDC0E3600797BC8 /* Supporting Files */ = {
			isa = PBXGroup;
			children = (
				265EE5811DDC0E3600797BC8 /* main.m */,
			);
			name = "Supporting Files";
			sourceTree = "<group>";
		};
		265EE5991DDC0E3600797BC8 /* POPAnimationDemoTests */ = {
			isa = PBXGroup;
			children = (
				265EE59A1DDC0E3600797BC8 /* POPAnimationDemoTests.m */,
				265EE59C1DDC0E3600797BC8 /* Info.plist */,
			);
			path = POPAnimationDemoTests;
			sourceTree = "<group>";
		};
		265EE5A41DDC0E3600797BC8 /* POPAnimationDemoUITests */ = {
			isa = PBXGroup;
			children = (
				265EE5A51DDC0E3600797BC8 /* POPAnimationDemoUITests.m */,
				265EE5A71DDC0E3600797BC8 /* Info.plist */,
			);
			path = POPAnimationDemoUITests;
			sourceTree = "<group>";
		};
/* End PBXGroup section */

/* Begin PBXNativeTarget section */
		265EE57C1DDC0E3600797BC8 /* POPAnimationDemo */ = {
			isa = PBXNativeTarget;
			buildConfigurationList = 265EE5AA1DDC0E3600797BC8 /* Build configuration list for PBXNativeTarget "POPAnimationDemo" */;
			buildPhases = (
				265EE5791DDC0E3600797BC8 /* Sources */,
				265EE57A1DDC0E3600797BC8 /* Frameworks */,
				265EE57B1DDC0E3600797BC8 /* Resources */,
			);
			buildRules = (
			);
			dependencies = (
			);
			name = POPAnimationDemo;
			productName = POPAnimationDemo;
			productReference = 265EE57D1DDC0E3600797BC8 /* POPAnimationDemo.app */;
			productType = "com.apple.product-type.application";
		};
		265EE5951DDC0E3600797BC8 /* POPAnimationDemoTests */ = {
			isa = PBXNativeTarget;
			buildConfigurationList = 265EE5AD1DDC0E3600797BC8 /* Build configuration list for PBXNativeTarget "POPAnimationDemoTests" */;
			buildPhases = (
				265EE5921DDC0E3600797BC8 /* Sources */,
				265EE5931DDC0E3600797BC8 /* Frameworks */,
				265EE5941DDC0E3600797BC8 /* Resources */,
			);
			buildRules = (
			);
			dependencies = (
				265EE5981DDC0E3600797BC8 /* PBXTargetDependency */,
			);
			name = POPAnimationDemoTests;
			productName = POPAnimationDemoTests;
			productReference = 265EE5961DDC0E3600797BC8 /* POPAnimationDemoTests.xctest */;
			productType = "com.apple.product-type.bundle.unit-test";
		};
		265EE5A01DDC0E3600797BC8 /* POPAnimationDemoUITests */ = {
			isa = PBXNativeTarget;
			buildConfigurationList = 265EE5B01DDC0E3600797BC8 /* Build configuration list for PBXNativeTarget "POPAnimationDemoUITests" */;
			buildPhases = (
				265EE59D1DDC0E3600797BC8 /* Sources */,
				265EE59E1DDC0E3600797BC8 /* Frameworks */,
				265EE59F1DDC0E3600797BC8 /* Resources */,
			);
			buildRules = (
			);
			dependencies = (
				265EE5A31DDC0E3600797BC8 /* PBXTargetDependency */,
			);
			name = POPAnimationDemoUITests;
			productName = POPAnimationDemoUITests;
			productReference = 265EE5A11DDC0E3600797BC8 /* POPAnimationDemoUITests.xctest */;
			productType = "com.apple.product-type.bundle.ui-testing";
		};
/* End PBXNativeTarget section */

/* Begin PBXProject section */
		265EE5751DDC0E3600797BC8 /* Project object */ = {
			isa = PBXProject;
			attributes = {
				LastUpgradeCheck = 0800;
				ORGANIZATIONNAME = "gzsc-hx";
				TargetAttributes = {
					265EE57C1DDC0E3600797BC8 = {
						CreatedOnToolsVersion = 8.0;
						DevelopmentTeam = BK93QVE9RR;
						ProvisioningStyle = Automatic;
					};
					265EE5951DDC0E3600797BC8 = {
						CreatedOnToolsVersion = 8.0;
						DevelopmentTeam = BK93QVE9RR;
						ProvisioningStyle = Automatic;
						TestTargetID = 265EE57C1DDC0E3600797BC8;
					};
					265EE5A01DDC0E3600797BC8 = {
						CreatedOnToolsVersion = 8.0;
						DevelopmentTeam = BK93QVE9RR;
						ProvisioningStyle = Automatic;
						TestTargetID = 265EE57C1DDC0E3600797BC8;
					};
				};
			};
			buildConfigurationList = 265EE5781DDC0E3600797BC8 /* Build configuration list for PBXProject "POPAnimationDemo" */;
			compatibilityVersion = "Xcode 3.2";
			developmentRegion = English;
			hasScannedForEncodings = 0;
			knownRegions = (
				en,
				Base,
			);
			mainGroup = 265EE5741DDC0E3600797BC8;
			productRefGroup = 265EE57E1DDC0E3600797BC8 /* Products */;
			projectDirPath = "";
			projectRoot = "";
			targets = (
				265EE57C1DDC0E3600797BC8 /* POPAnimationDemo */,
				265EE5951DDC0E3600797BC8 /* POPAnimationDemoTests */,
				265EE5A01DDC0E3600797BC8 /* POPAnimationDemoUITests */,
			);
		};
/* End PBXProject section */

/* Begin PBXResourcesBuildPhase section */
		265EE57B1DDC0E3600797BC8 /* Resources */ = {
			isa = PBXResourcesBuildPhase;
			buildActionMask = 2147483647;
			files = (
				265EE5901DDC0E3600797BC8 /* LaunchScreen.storyboard in Resources */,
				265EE58D1DDC0E3600797BC8 /* Assets.xcassets in Resources */,
				265EE58B1DDC0E3600797BC8 /* Main.storyboard in Resources */,
			);
			runOnlyForDeploymentPostprocessing = 0;
		};
		265EE5941DDC0E3600797BC8 /* Resources */ = {
			isa = PBXResourcesBuildPhase;
			buildActionMask = 2147483647;
			files = (
			);
			runOnlyForDeploymentPostprocessing = 0;
		};
		265EE59F1DDC0E3600797BC8 /* Resources */ = {
			isa = PBXResourcesBuildPhase;
			buildActionMask = 2147483647;
			files = (
			);
			runOnlyForDeploymentPostprocessing = 0;
		};
/* End PBXResourcesBuildPhase section */

/* Begin PBXSourcesBuildPhase section */
		265EE5791DDC0E3600797BC8 /* Sources */ = {
			isa = PBXSourcesBuildPhase;
			buildActionMask = 2147483647;
			files = (
				265EE5881DDC0E3600797BC8 /* ViewController.m in Sources */,
				265EE5851DDC0E3600797BC8 /* AppDelegate.m in Sources */,
				265EE5821DDC0E3600797BC8 /* main.m in Sources */,
			);
			runOnlyForDeploymentPostprocessing = 0;
		};
		265EE5921DDC0E3600797BC8 /* Sources */ = {
			isa = PBXSourcesBuildPhase;
			buildActionMask = 2147483647;
			files = (
				265EE59B1DDC0E3600797BC8 /* POPAnimationDemoTests.m in Sources */,
			);
			runOnlyForDeploymentPostprocessing = 0;
		};
		265EE59D1DDC0E3600797BC8 /* Sources */ = {
			isa = PBXSourcesBuildPhase;
			buildActionMask = 2147483647;
			files = (
				265EE5A61DDC0E3600797BC8 /* POPAnimationDemoUITests.m in Sources */,
			);
			runOnlyForDeploymentPostprocessing = 0;
		};
/* End PBXSourcesBuildPhase section */

/* Begin PBXTargetDependency section */
		265EE5981DDC0E3600797BC8 /* PBXTargetDependency */ = {
			isa = PBXTargetDependency;
			target = 265EE57C1DDC0E3600797BC8 /* POPAnimationDemo */;
			targetProxy = 265EE5971DDC0E3600797BC8 /* PBXContainerItemProxy */;
		};
		265EE5A31DDC0E3600797BC8 /* PBXTargetDependency */ = {
			isa = PBXTargetDependency;
			target = 265EE57C1DDC0E3600797BC8 /* POPAnimationDemo */;
			targetProxy = 265EE5A21DDC0E3600797BC8 /* PBXContainerItemProxy */;
		};
/* End PBXTargetDependency section */

/* Begin PBXVariantGroup section */
		265EE5891DDC0E3600797BC8 /* Main.storyboard */ = {
			isa = PBXVariantGroup;
			children = (
				265EE58A1DDC0E3600797BC8 /* Base */,
			);
			name = Main.storyboard;
			sourceTree = "<group>";
		};
		265EE58E1DDC0E3600797BC8 /* LaunchScreen.storyboard */ = {
			isa = PBXVariantGroup;
			children = (
				265EE58F1DDC0E3600797BC8 /* Base */,
			);
			name = LaunchScreen.storyboard;
			sourceTree = "<group>";
		};
/* End PBXVariantGroup section */

/* Begin XCBuildConfiguration section */
		265EE5A81DDC0E3600797BC8 /* Debug */ = {
			isa = XCBuildConfiguration;
			buildSettings = {
				ALWAYS_SEARCH_USER_PATHS = NO;
				CLANG_ANALYZER_NONNULL = YES;
				CLANG_CXX_LANGUAGE_STANDARD = "gnu++0x";
				CLANG_CXX_LIBRARY = "libc++";
				CLANG_ENABLE_MODULES = YES;
				CLANG_ENABLE_OBJC_ARC = YES;
				CLANG_WARN_BOOL_CONVERSION = YES;
				CLANG_WARN_CONSTANT_CONVERSION = YES;
				CLANG_WARN_DIRECT_OBJC_ISA_USAGE = YES_ERROR;
				CLANG_WARN_DOCUMENTATION_COMMENTS = YES;
				CLANG_WARN_EMPTY_BODY = YES;
				CLANG_WARN_ENUM_CONVERSION = YES;
				CLANG_WARN_INFINITE_RECURSION = YES;
				CLANG_WARN_INT_CONVERSION = YES;
				CLANG_WARN_OBJC_ROOT_CLASS = YES_ERROR;
				CLANG_WARN_SUSPICIOUS_MOVES = YES;
				CLANG_WARN_UNREACHABLE_CODE = YES;
				CLANG_WARN__DUPLICATE_METHOD_MATCH = YES;
				"CODE_SIGN_IDENTITY[sdk=iphoneos*]" = "iPhone Developer";
				COPY_PHASE_STRIP = NO;
				DEBUG_INFORMATION_FORMAT = dwarf;
				ENABLE_STRICT_OBJC_MSGSEND = YES;
				ENABLE_TESTABILITY = YES;
				GCC_C_LANGUAGE_STANDARD = gnu99;
				GCC_DYNAMIC_NO_PIC = NO;
				GCC_NO_COMMON_BLOCKS = YES;
				GCC_OPTIMIZATION_LEVEL = 0;
				GCC_PREPROCESSOR_DEFINITIONS = (
					"DEBUG=1",
					"$(inherited)",
				);
				GCC_WARN_64_TO_32_BIT_CONVERSION = YES;
				GCC_WARN_ABOUT_RETURN_TYPE = YES_ERROR;
				GCC_WARN_UNDECLARED_SELECTOR = YES;
				GCC_WARN_UNINITIALIZED_AUTOS = YES_AGGRESSIVE;
				GCC_WARN_UNUSED_FUNCTION = YES;
				GCC_WARN_UNUSED_VARIABLE = YES;
				IPHONEOS_DEPLOYMENT_TARGET = 10.0;
				MTL_ENABLE_DEBUG_INFO = YES;
				ONLY_ACTIVE_ARCH = YES;
				SDKROOT = iphoneos;
			};
			name = Debug;
		};
		265EE5A91DDC0E3600797BC8 /* Release */ = {
			isa = XCBuildConfiguration;
			buildSettings = {
				ALWAYS_SEARCH_USER_PATHS = NO;
				CLANG_ANALYZER_NONNULL = YES;
				CLANG_CXX_LANGUAGE_STANDARD = "gnu++0x";
				CLANG_CXX_LIBRARY = "libc++";
				CLANG_ENABLE_MODULES = YES;
				CLANG_ENABLE_OBJC_ARC = YES;
				CLANG_WARN_BOOL_CONVERSION = YES;
				CLANG_WARN_CONSTANT_CONVERSION = YES;
				CLANG_WARN_DIRECT_OBJC_ISA_USAGE = YES_ERROR;
				CLANG_WARN_DOCUMENTATION_COMMENTS = YES;
				CLANG_WARN_EMPTY_BODY = YES;
				CLANG_WARN_ENUM_CONVERSION = YES;
				CLANG_WARN_INFINITE_RECURSION = YES;
				CLANG_WARN_INT_CONVERSION = YES;
				CLANG_WARN_OBJC_ROOT_CLASS = YES_ERROR;
				CLANG_WARN_SUSPICIOUS_MOVES = YES;
				CLANG_WARN_UNREACHABLE_CODE = YES;
				CLANG_WARN__DUPLICATE_METHOD_MATCH = YES;
				"CODE_SIGN_IDENTITY[sdk=iphoneos*]" = "iPhone Developer";
				COPY_PHASE_STRIP = NO;
				DEBUG_INFORMATION_FORMAT = "dwarf-with-dsym";
				ENABLE_NS_ASSERTIONS = NO;
				ENABLE_STRICT_OBJC_MSGSEND = YES;
				GCC_C_LANGUAGE_STANDARD = gnu99;
				GCC_NO_COMMON_BLOCKS = YES;
				GCC_WARN_64_TO_32_BIT_CONVERSION = YES;
				GCC_WARN_ABOUT_RETURN_TYPE = YES_ERROR;
				GCC_WARN_UNDECLARED_SELECTOR = YES;
				GCC_WARN_UNINITIALIZED_AUTOS = YES_AGGRESSIVE;
				GCC_WARN_UNUSED_FUNCTION = YES;
				GCC_WARN_UNUSED_VARIABLE = YES;
				IPHONEOS_DEPLOYMENT_TARGET = 10.0;
				MTL_ENABLE_DEBUG_INFO = NO;
				SDKROOT = iphoneos;
				VALIDATE_PRODUCT = YES;
			};
			name = Release;
		};
		265EE5AB1DDC0E3600797BC8 /* Debug */ = {
			isa = XCBuildConfiguration;
			buildSettings = {
				ASSETCATALOG_COMPILER_APPICON_NAME = AppIcon;
				DEVELOPMENT_TEAM = BK93QVE9RR;
				INFOPLIST_FILE = POPAnimationDemo/Info.plist;
				LD_RUNPATH_SEARCH_PATHS = "$(inherited) @executable_path/Frameworks";
				PRODUCT_BUNDLE_IDENTIFIER = com.gzsc.POPAnimationDemo;
				PRODUCT_NAME = "$(TARGET_NAME)";
			};
			name = Debug;
		};
		265EE5AC1DDC0E3600797BC8 /* Release */ = {
			isa = XCBuildConfiguration;
			buildSettings = {
				ASSETCATALOG_COMPILER_APPICON_NAME = AppIcon;
				DEVELOPMENT_TEAM = BK93QVE9RR;
				INFOPLIST_FILE = POPAnimationDemo/Info.plist;
				LD_RUNPATH_SEARCH_PATHS = "$(inherited) @executable_path/Frameworks";
				PRODUCT_BUNDLE_IDENTIFIER = com.gzsc.POPAnimationDemo;
				PRODUCT_NAME = "$(TARGET_NAME)";
			};
			name = Release;
		};
		265EE5AE1DDC0E3600797BC8 /* Debug */ = {
			isa = XCBuildConfiguration;
			buildSettings = {
				BUNDLE_LOADER = "$(TEST_HOST)";
				DEVELOPMENT_TEAM = BK93QVE9RR;
				INFOPLIST_FILE = POPAnimationDemoTests/Info.plist;
				LD_RUNPATH_SEARCH_PATHS = "$(inherited) @executable_path/Frameworks @loader_path/Frameworks";
				PRODUCT_BUNDLE_IDENTIFIER = com.gzsc.POPAnimationDemoTests;
				PRODUCT_NAME = "$(TARGET_NAME)";
				TEST_HOST = "$(BUILT_PRODUCTS_DIR)/POPAnimationDemo.app/POPAnimationDemo";
			};
			name = Debug;
		};
		265EE5AF1DDC0E3600797BC8 /* Release */ = {
			isa = XCBuildConfiguration;
			buildSettings = {
				BUNDLE_LOADER = "$(TEST_HOST)";
				DEVELOPMENT_TEAM = BK93QVE9RR;
				INFOPLIST_FILE = POPAnimationDemoTests/Info.plist;
				LD_RUNPATH_SEARCH_PATHS = "$(inherited) @executable_path/Frameworks @loader_path/Frameworks";
				PRODUCT_BUNDLE_IDENTIFIER = com.gzsc.POPAnimationDemoTests;
				PRODUCT_NAME = "$(TARGET_NAME)";
				TEST_HOST = "$(BUILT_PRODUCTS_DIR)/POPAnimationDemo.app/POPAnimationDemo";
			};
			name = Release;
		};
		265EE5B11DDC0E3600797BC8 /* Debug */ = {
			isa = XCBuildConfiguration;
			buildSettings = {
				DEVELOPMENT_TEAM = BK93QVE9RR;
				INFOPLIST_FILE = POPAnimationDemoUITests/Info.plist;
				LD_RUNPATH_SEARCH_PATHS = "$(inherited) @executable_path/Frameworks @loader_path/Frameworks";
				PRODUCT_BUNDLE_IDENTIFIER = com.gzsc.POPAnimationDemoUITests;
				PRODUCT_NAME = "$(TARGET_NAME)";
				TEST_TARGET_NAME = POPAnimationDemo;
			};
			name = Debug;
		};
		265EE5B21DDC0E3600797BC8 /* Release */ = {
			isa = XCBuildConfiguration;
			buildSettings = {
				DEVELOPMENT_TEAM = BK93QVE9RR;
				INFOPLIST_FILE = POPAnimationDemoUITests/Info.plist;
				LD_RUNPATH_SEARCH_PATHS = "$(inherited) @executable_path/Frameworks @loader_path/Frameworks";
				PRODUCT_BUNDLE_IDENTIFIER = com.gzsc.POPAnimationDemoUITests;
				PRODUCT_NAME = "$(TARGET_NAME)";
				TEST_TARGET_NAME = POPAnimationDemo;
			};
			name = Release;
		};
/* End XCBuildConfiguration section */

/* Begin XCConfigurationList section */
		265EE5781DDC0E3600797BC8 /* Build configuration list for PBXProject "POPAnimationDemo" */ = {
			isa = XCConfigurationList;
			buildConfigurations = (
				265EE5A81DDC0E3600797BC8 /* Debug */,
				265EE5A91DDC0E3600797BC8 /* Release */,
			);
			defaultConfigurationIsVisible = 0;
			defaultConfigurationName = Release;
		};
		265EE5AA1DDC0E3600797BC8 /* Build configuration list for PBXNativeTarget "POPAnimationDemo" */ = {
			isa = XCConfigurationList;
			buildConfigurations = (
				265EE5AB1DDC0E3600797BC8 /* Debug */,
				265EE5AC1DDC0E3600797BC8 /* Release */,
			);
			defaultConfigurationIsVisible = 0;
		};
		265EE5AD1DDC0E3600797BC8 /* Build configuration list for PBXNativeTarget "POPAnimationDemoTests" */ = {
			isa = XCConfigurationList;
			buildConfigurations = (
				265EE5AE1DDC0E3600797BC8 /* Debug */,
				265EE5AF1DDC0E3600797BC8 /* Release */,
			);
			defaultConfigurationIsVisible = 0;
		};
		265EE5B01DDC0E3600797BC8 /* Build configuration list for PBXNativeTarget "POPAnimationDemoUITests" */ = {
			isa = XCConfigurationList;
			buildConfigurations = (
				265EE5B11DDC0E3600797BC8 /* Debug */,
				265EE5B21DDC0E3600797BC8 /* Release */,
			);
			defaultConfigurationIsVisible = 0;
		};
/* End XCConfigurationList section */
	};
	rootObject = 265EE5751DDC0E3600797BC8 /* Project object */;
}
